<?xml version="1.0" encoding="utf-8"?>
<Project ToolsVersion="4.0" xmlns="http://schemas.microsoft.com/developer/msbuild/2003">
  <ItemGroup>
    <Filter Include="Source Files">
      <UniqueIdentifier>{bcce300c-cc38-4ac1-b4f2-b3eb0c3e0010}</UniqueIdentifier>
      <Extensions>cpp;c;cxx;rc;def;r;odl;idl;hpj;bat</Extensions>
    </Filter>
    <Filter Include="Header Files">
      <UniqueIdentifier>{365e83db-abc3-475f-93dd-b3cc5a502943}</UniqueIdentifier>
      <Extensions>h;hpp;hxx;hm;inl</Extensions>
    </Filter>
    <Filter Include="Resource Files">
      <UniqueIdentifier>{24b79c3d-e0e7-4364-9ac7-f113b6b440a0}</UniqueIdentifier>
      <Extensions>ico;cur;bmp;dlg;rc2;rct;bin;rgs;gif;jpg;jpeg;jpe</Extensions>
    </Filter>
    <Filter Include="_DOC">
      <UniqueIdentifier>{1d87b352-3bf1-44b0-ad03-070952070713}</UniqueIdentifier>
    </Filter>
  </ItemGroup>
  <ItemGroup>
    <ClCompile Include="CVersInfo.cpp">
      <Filter>Source Files</Filter>
    </ClCompile>
    <ClCompile Include="StdAfx.cpp">
      <Filter>Source Files</Filter>
    </ClCompile>
    <ClCompile Include="VersInfoExShlExt.cpp">
      <Filter>Source Files</Filter>
    </ClCompile>
    <ClCompile Include="VersInfoEx.cpp">
      <Filter>Source Files</Filter>
    </ClCompile>
  </ItemGroup>
  <ItemGroup>
    <ClInclude Include="CVersInfo.h">
      <Filter>Header Files</Filter>
    </ClInclude>
    <ClInclude Include="StdAfx.h">
      <Filter>Header Files</Filter>
    </ClInclude>
    <ClInclude Include="VersInfoExShlExt.h">
      <Filter>Header Files</Filter>
    </ClInclude>
    <ClInclude Include="Resource.h">
      <Filter>Resource Files</Filter>
    </ClInclude>
    <ClInclude Include="product.h">
      <Filter>Header Files</Filter>
    </ClInclude>
    <ClInclude Include="version.h">
      <Filter>Header Files</Filter>
    </ClInclude>
  </ItemGroup>
  <ItemGroup>
    <None Include="VersInfoExPlus.def">
      <Filter>Resource Files</Filter>
    </None>
    <None Include="VersInfoEx.rc2">
      <Filter>Resource Files</Filter>
    </None>
    <None Include="myuuids.cmd">
      <Filter>_DOC</Filter>
    </None>
  </ItemGroup>
  <ItemGroup>
    <Midl Include="VersInfoExPlus.idl">
      <Filter>Resource Files</Filter>
    </Midl>
  </ItemGroup>
  <ItemGroup>
    <ResourceCompile Include="VersInfoEx.rc">
      <Filter>Resource Files</Filter>
    </ResourceCompile>
    <ResourceCompile Include="VersInfoEx.ja-JP.rc">
      <Filter>Resource Files</Filter>
    </ResourceCompile>
  </ItemGroup>
  <ItemGroup>
    <Text Include="_LICENSE.txt">
      <Filter>_DOC</Filter>
    </Text>
    <Text Include="_README.txt">
      <Filter>_DOC</Filter>
    </Text>
    <Text Include="_TODO.txt">
      <Filter>_DOC</Filter>
    </Text>
  </ItemGroup>
</Project>